
Microsoft Visual Studio Solution File, Format Version 12.00
# Visual Studio Version 16
VisualStudioVersion = 16.0.29926.136
MinimumVisualStudioVersion = 10.0.40219.1
Project("{FAE04EC0-301F-11D3-BF4B-00C04F79EFBC}") = "DemoApp", "DemoApp\DemoApp.csproj", "{BB1617EB-CADD-4715-8008-E8F0A512E242}"
EndProject
Global
	GlobalSection(SolutionConfigurationPlatforms) = preSolution
		Debug|Any CPU = Debug|Any CPU
		Release|Any CPU = Release|Any CPU
	EndGlobalSection
	GlobalSection(ProjectConfigurationPlatforms) = postSolution
		{BB1617EB-CADD-4715-8008-E8F0A512E242}.Debug|Any CPU.ActiveCfg = Debug|Any CPU
		{BB1617EB-CADD-4715-8008-E8F0A512E242}.Debug|Any CPU.Build.0 = Debug|Any CPU
		{BB1617EB-CADD-4715-8008-E8F0A512E242}.Release|Any CPU.ActiveCfg = Release|Any CPU
		{BB1617EB-CADD-4715-8008-E8F0A512E242}.Release|Any CPU.Build.0 = Release|Any CPU
	EndGlobalSection
	GlobalSection(SolutionProperties) = preSolution
		HideSolutionNode = FALSE
	EndGlobalSection
	GlobalSection(ExtensibilityGlobals) = postSolution
		SolutionGuid = {E4B9A4BF-359D-48AB-914C-EF24DD1F54CC}
	EndGlobalSection
EndGlobal
